
Microsoft Visual Studio Solution File, Format Version 12.00
# Visual Studio Version 17
VisualStudioVersion = 17.6.33829.357
MinimumVisualStudioVersion = 10.0.40219.1
Project("{FAE04EC0-301F-11D3-BF4B-00C04F79EFBC}") = "HackerEarth.Basic.IO", "HackerEarth.Basic.IO\HackerEarth.Basic.IO.csproj", "{9B65BB74-1E5B-47FF-BD6A-D77E45E9C3C0}"
EndProject
Global
	GlobalSection(SolutionConfigurationPlatforms) = preSolution
		Debug|Any CPU = Debug|Any CPU
		Release|Any CPU = Release|Any CPU
	EndGlobalSection
	GlobalSection(ProjectConfigurationPlatforms) = postSolution
		{9B65BB74-1E5B-47FF-BD6A-D77E45E9C3C0}.Debug|Any CPU.ActiveCfg = Debug|Any CPU
		{9B65BB74-1E5B-47FF-BD6A-D77E45E9C3C0}.Debug|Any CPU.Build.0 = Debug|Any CPU
		{9B65BB74-1E5B-47FF-BD6A-D77E45E9C3C0}.Release|Any CPU.ActiveCfg = Release|Any CPU
		{9B65BB74-1E5B-47FF-BD6A-D77E45E9C3C0}.Release|Any CPU.Build.0 = Release|Any CPU
	EndGlobalSection
	GlobalSection(SolutionProperties) = preSolution
		HideSolutionNode = FALSE
	EndGlobalSection
	GlobalSection(ExtensibilityGlobals) = postSolution
		SolutionGuid = {8617E6B4-EC04-4098-A680-F1F4EC975917}
	EndGlobalSection
EndGlobal
